
Microsoft Visual Studio Solution File, Format Version 12.00
# Visual Studio Version 17
VisualStudioVersion = 17.10.35013.160
MinimumVisualStudioVersion = 10.0.40219.1
Project("{FAE04EC0-301F-11D3-BF4B-00C04F79EFBC}") = "Produtos.API", "Produtos.API\Produtos.API.csproj", "{FBDEB776-345A-4DBF-A1CA-F7C62EAFC776}"
EndProject
Global
	GlobalSection(SolutionConfigurationPlatforms) = preSolution
		Debug|Any CPU = Debug|Any CPU
		Release|Any CPU = Release|Any CPU
	EndGlobalSection
	GlobalSection(ProjectConfigurationPlatforms) = postSolution
		{FBDEB776-345A-4DBF-A1CA-F7C62EAFC776}.Debug|Any CPU.ActiveCfg = Debug|Any CPU
		{FBDEB776-345A-4DBF-A1CA-F7C62EAFC776}.Debug|Any CPU.Build.0 = Debug|Any CPU
		{FBDEB776-345A-4DBF-A1CA-F7C62EAFC776}.Release|Any CPU.ActiveCfg = Release|Any CPU
		{FBDEB776-345A-4DBF-A1CA-F7C62EAFC776}.Release|Any CPU.Build.0 = Release|Any CPU
	EndGlobalSection
	GlobalSection(SolutionProperties) = preSolution
		HideSolutionNode = FALSE
	EndGlobalSection
	GlobalSection(ExtensibilityGlobals) = postSolution
		SolutionGuid = {F5FD29B8-F021-41EA-8F01-404B0BA64358}
	EndGlobalSection
EndGlobal
